
Microsoft Visual Studio Solution File, Format Version 12.00
# Visual Studio Version 17
VisualStudioVersion = 17.10.35013.160
MinimumVisualStudioVersion = 10.0.40219.1
Project("{FAE04EC0-301F-11D3-BF4B-00C04F79EFBC}") = "dataBaseCREATE", "dataBaseCREATE\dataBaseCREATE.csproj", "{EC57911F-B19A-4B5F-AD36-647D811A1664}"
EndProject
Global
	GlobalSection(SolutionConfigurationPlatforms) = preSolution
		Debug|Any CPU = Debug|Any CPU
		Release|Any CPU = Release|Any CPU
	EndGlobalSection
	GlobalSection(ProjectConfigurationPlatforms) = postSolution
		{EC57911F-B19A-4B5F-AD36-647D811A1664}.Debug|Any CPU.ActiveCfg = Debug|Any CPU
		{EC57911F-B19A-4B5F-AD36-647D811A1664}.Debug|Any CPU.Build.0 = Debug|Any CPU
		{EC57911F-B19A-4B5F-AD36-647D811A1664}.Release|Any CPU.ActiveCfg = Release|Any CPU
		{EC57911F-B19A-4B5F-AD36-647D811A1664}.Release|Any CPU.Build.0 = Release|Any CPU
	EndGlobalSection
	GlobalSection(SolutionProperties) = preSolution
		HideSolutionNode = FALSE
	EndGlobalSection
	GlobalSection(ExtensibilityGlobals) = postSolution
		SolutionGuid = {860A9693-FD66-4347-8799-D7B5DDD67652}
	EndGlobalSection
EndGlobal
